
Microsoft Visual Studio Solution File, Format Version 12.00
Project("{2150E333-8FDC-42A3-9474-1A3956D46DE8}") = "1 - Fra JavaScript til CSharp", "1 - Fra JavaScript til CSharp", "{A41BBF41-AFBF-43E5-83B7-E62679991886}"
EndProject
Project("{2150E333-8FDC-42A3-9474-1A3956D46DE8}") = "2 - Grunnleggende C#", "2 - Grunnleggende C#", "{1BAEF7D8-148A-4EC0-B5A3-6FC9F116C7F1}"
EndProject
Project("{2150E333-8FDC-42A3-9474-1A3956D46DE8}") = "3 - Introduksjon til Objektorientert", "3 - Introduksjon til Objektorientert", "{A74677FF-7724-4A68-AADA-44E4492A786A}"
EndProject
Project("{2150E333-8FDC-42A3-9474-1A3956D46DE8}") = "4 - Debugging og Unit Testing", "4 - Debugging og Unit Testing", "{B56E9F64-746E-4BC7-B784-0F9537B7024D}"
EndProject
Project("{2150E333-8FDC-42A3-9474-1A3956D46DE8}") = "5 - Interface", "5 - Interface", "{530649B3-1603-49FE-89DE-696689EDCD33}"
EndProject
Project("{2150E333-8FDC-42A3-9474-1A3956D46DE8}") = "6 - Arv", "6 - Arv", "{7403A4B4-497A-4D0C-B5D1-2F6BF6C37BF5}"
EndProject
Project("{2150E333-8FDC-42A3-9474-1A3956D46DE8}") = "Bonus - Backend", "Bonus - Backend", "{1B89DFF4-D198-4B02-B2E4-B8C8E8957D47}"
EndProject
Project("{FAE04EC0-301F-11D3-BF4B-00C04F79EFBC}") = "Datatyper", "Datatyper\Datatyper.csproj", "{2B3AEFAF-C0A2-488A-9847-7385CB77C75C}"
EndProject
Project("{FAE04EC0-301F-11D3-BF4B-00C04F79EFBC}") = "Input og Output", "Input og Output\Input og Output.csproj", "{DA9A5084-3200-4B45-A976-EF4890025B99}"
EndProject
Project("{2150E333-8FDC-42A3-9474-1A3956D46DE8}") = "Datatyper", "Datatyper", "{1402E417-B0B3-486A-8BC0-2C77D73D7DA7}"
EndProject
Project("{2150E333-8FDC-42A3-9474-1A3956D46DE8}") = "Input og Output", "Input og Output", "{486C8A03-E543-42E5-A99B-7B05FD07CD9D}"
EndProject
Project("{2150E333-8FDC-42A3-9474-1A3956D46DE8}") = "Konsollapplikasjoner", "Konsollapplikasjoner", "{9D09CA15-13B6-4E49-9356-C2364C967BA1}"
EndProject
Project("{FAE04EC0-301F-11D3-BF4B-00C04F79EFBC}") = "KonsollApplikasjoner", "KonsollApplikasjoner\KonsollApplikasjoner.csproj", "{512AF1E2-9589-40F4-B089-3357C7902FB6}"
EndProject
Project("{2150E333-8FDC-42A3-9474-1A3956D46DE8}") = "Sterk Typing og Verdityper", "Sterk Typing og Verdityper", "{3F97C599-532B-4F7E-91F3-2080D2AB3C0E}"
EndProject
Project("{FAE04EC0-301F-11D3-BF4B-00C04F79EFBC}") = "Sterk Typing og Verdityper", "Sterk Typing og Verdityper\Sterk Typing og Verdityper.csproj", "{D351331D-FF23-43C2-AA14-DF1380FE983D}"
EndProject
Project("{2150E333-8FDC-42A3-9474-1A3956D46DE8}") = "Variabeltilordning", "Variabeltilordning", "{9BB90144-B581-4C14-8919-4246A3F72E55}"
EndProject
Project("{FAE04EC0-301F-11D3-BF4B-00C04F79EFBC}") = "Variabeltilordning", "Variabeltilordning\Variabeltilordning.csproj", "{66DCE128-FD77-4C7A-BF2F-1D0B01C72E28}"
EndProject
Project("{FAE04EC0-301F-11D3-BF4B-00C04F79EFBC}") = "If - Else", "If - Else\If - Else.csproj", "{BC341FBB-6E1D-406C-BCC1-AD47524BA186}"
EndProject
Project("{2150E333-8FDC-42A3-9474-1A3956D46DE8}") = "If - Else", "If - Else", "{F6EE87EE-5542-4EC6-8379-4C42BB87EE30}"
EndProject
Global
	GlobalSection(SolutionConfigurationPlatforms) = preSolution
		Debug|Any CPU = Debug|Any CPU
		Release|Any CPU = Release|Any CPU
	EndGlobalSection
	GlobalSection(ProjectConfigurationPlatforms) = postSolution
		{2B3AEFAF-C0A2-488A-9847-7385CB77C75C}.Debug|Any CPU.ActiveCfg = Debug|Any CPU
		{2B3AEFAF-C0A2-488A-9847-7385CB77C75C}.Debug|Any CPU.Build.0 = Debug|Any CPU
		{2B3AEFAF-C0A2-488A-9847-7385CB77C75C}.Release|Any CPU.ActiveCfg = Release|Any CPU
		{2B3AEFAF-C0A2-488A-9847-7385CB77C75C}.Release|Any CPU.Build.0 = Release|Any CPU
		{DA9A5084-3200-4B45-A976-EF4890025B99}.Debug|Any CPU.ActiveCfg = Debug|Any CPU
		{DA9A5084-3200-4B45-A976-EF4890025B99}.Debug|Any CPU.Build.0 = Debug|Any CPU
		{DA9A5084-3200-4B45-A976-EF4890025B99}.Release|Any CPU.ActiveCfg = Release|Any CPU
		{DA9A5084-3200-4B45-A976-EF4890025B99}.Release|Any CPU.Build.0 = Release|Any CPU
		{512AF1E2-9589-40F4-B089-3357C7902FB6}.Debug|Any CPU.ActiveCfg = Debug|Any CPU
		{512AF1E2-9589-40F4-B089-3357C7902FB6}.Debug|Any CPU.Build.0 = Debug|Any CPU
		{512AF1E2-9589-40F4-B089-3357C7902FB6}.Release|Any CPU.ActiveCfg = Release|Any CPU
		{512AF1E2-9589-40F4-B089-3357C7902FB6}.Release|Any CPU.Build.0 = Release|Any CPU
		{D351331D-FF23-43C2-AA14-DF1380FE983D}.Debug|Any CPU.ActiveCfg = Debug|Any CPU
		{D351331D-FF23-43C2-AA14-DF1380FE983D}.Debug|Any CPU.Build.0 = Debug|Any CPU
		{D351331D-FF23-43C2-AA14-DF1380FE983D}.Release|Any CPU.ActiveCfg = Release|Any CPU
		{D351331D-FF23-43C2-AA14-DF1380FE983D}.Release|Any CPU.Build.0 = Release|Any CPU
		{66DCE128-FD77-4C7A-BF2F-1D0B01C72E28}.Debug|Any CPU.ActiveCfg = Debug|Any CPU
		{66DCE128-FD77-4C7A-BF2F-1D0B01C72E28}.Debug|Any CPU.Build.0 = Debug|Any CPU
		{66DCE128-FD77-4C7A-BF2F-1D0B01C72E28}.Release|Any CPU.ActiveCfg = Release|Any CPU
		{66DCE128-FD77-4C7A-BF2F-1D0B01C72E28}.Release|Any CPU.Build.0 = Release|Any CPU
		{BC341FBB-6E1D-406C-BCC1-AD47524BA186}.Debug|Any CPU.ActiveCfg = Debug|Any CPU
		{BC341FBB-6E1D-406C-BCC1-AD47524BA186}.Debug|Any CPU.Build.0 = Debug|Any CPU
		{BC341FBB-6E1D-406C-BCC1-AD47524BA186}.Release|Any CPU.ActiveCfg = Release|Any CPU
		{BC341FBB-6E1D-406C-BCC1-AD47524BA186}.Release|Any CPU.Build.0 = Release|Any CPU
	EndGlobalSection
	GlobalSection(NestedProjects) = preSolution
		{1402E417-B0B3-486A-8BC0-2C77D73D7DA7} = {A41BBF41-AFBF-43E5-83B7-E62679991886}
		{2B3AEFAF-C0A2-488A-9847-7385CB77C75C} = {1402E417-B0B3-486A-8BC0-2C77D73D7DA7}
		{486C8A03-E543-42E5-A99B-7B05FD07CD9D} = {A41BBF41-AFBF-43E5-83B7-E62679991886}
		{DA9A5084-3200-4B45-A976-EF4890025B99} = {486C8A03-E543-42E5-A99B-7B05FD07CD9D}
		{9D09CA15-13B6-4E49-9356-C2364C967BA1} = {A41BBF41-AFBF-43E5-83B7-E62679991886}
		{512AF1E2-9589-40F4-B089-3357C7902FB6} = {9D09CA15-13B6-4E49-9356-C2364C967BA1}
		{3F97C599-532B-4F7E-91F3-2080D2AB3C0E} = {A41BBF41-AFBF-43E5-83B7-E62679991886}
		{D351331D-FF23-43C2-AA14-DF1380FE983D} = {3F97C599-532B-4F7E-91F3-2080D2AB3C0E}
		{9BB90144-B581-4C14-8919-4246A3F72E55} = {A41BBF41-AFBF-43E5-83B7-E62679991886}
		{66DCE128-FD77-4C7A-BF2F-1D0B01C72E28} = {9BB90144-B581-4C14-8919-4246A3F72E55}
		{F6EE87EE-5542-4EC6-8379-4C42BB87EE30} = {1BAEF7D8-148A-4EC0-B5A3-6FC9F116C7F1}
		{BC341FBB-6E1D-406C-BCC1-AD47524BA186} = {F6EE87EE-5542-4EC6-8379-4C42BB87EE30}
	EndGlobalSection
EndGlobal
