
Microsoft Visual Studio Solution File, Format Version 12.00
Project("{FAE04EC0-301F-11D3-BF4B-00C04F79EFBC}") = "If - Else", "If - Else\If - Else.csproj", "{0713BF5B-43B0-48B4-A6DD-CCF61FDE4905}"
EndProject
Project("{FAE04EC0-301F-11D3-BF4B-00C04F79EFBC}") = "Random i CSharp", "Random i CSharp\Random i CSharp.csproj", "{65F4BA20-46F6-439E-8126-C30A9B17E40C}"
EndProject
Global
	GlobalSection(SolutionConfigurationPlatforms) = preSolution
		Debug|Any CPU = Debug|Any CPU
		Release|Any CPU = Release|Any CPU
	EndGlobalSection
	GlobalSection(ProjectConfigurationPlatforms) = postSolution
		{0713BF5B-43B0-48B4-A6DD-CCF61FDE4905}.Debug|Any CPU.ActiveCfg = Debug|Any CPU
		{0713BF5B-43B0-48B4-A6DD-CCF61FDE4905}.Debug|Any CPU.Build.0 = Debug|Any CPU
		{0713BF5B-43B0-48B4-A6DD-CCF61FDE4905}.Release|Any CPU.ActiveCfg = Release|Any CPU
		{0713BF5B-43B0-48B4-A6DD-CCF61FDE4905}.Release|Any CPU.Build.0 = Release|Any CPU
		{65F4BA20-46F6-439E-8126-C30A9B17E40C}.Debug|Any CPU.ActiveCfg = Debug|Any CPU
		{65F4BA20-46F6-439E-8126-C30A9B17E40C}.Debug|Any CPU.Build.0 = Debug|Any CPU
		{65F4BA20-46F6-439E-8126-C30A9B17E40C}.Release|Any CPU.ActiveCfg = Release|Any CPU
		{65F4BA20-46F6-439E-8126-C30A9B17E40C}.Release|Any CPU.Build.0 = Release|Any CPU
	EndGlobalSection
	GlobalSection(NestedProjects) = preSolution
	EndGlobalSection
EndGlobal
