
Microsoft Visual Studio Solution File, Format Version 12.00
Project("{FAE04EC0-301F-11D3-BF4B-00C04F79EFBC}") = "2 - Grunnleggende CSharp", "2 - Grunnleggende CSharp.csproj", "{768D77C2-D138-4018-8336-87CA2B2312FF}"
EndProject
Project("{2150E333-8FDC-42A3-9474-1A3956D46DE8}") = "If - Else", "If - Else", "{A4273A08-1B4B-4244-9097-7C0428037418}"
EndProject
Global
	GlobalSection(SolutionConfigurationPlatforms) = preSolution
		Debug|Any CPU = Debug|Any CPU
		Release|Any CPU = Release|Any CPU
	EndGlobalSection
	GlobalSection(ProjectConfigurationPlatforms) = postSolution
		{768D77C2-D138-4018-8336-87CA2B2312FF}.Debug|Any CPU.ActiveCfg = Debug|Any CPU
		{768D77C2-D138-4018-8336-87CA2B2312FF}.Debug|Any CPU.Build.0 = Debug|Any CPU
		{768D77C2-D138-4018-8336-87CA2B2312FF}.Release|Any CPU.ActiveCfg = Release|Any CPU
		{768D77C2-D138-4018-8336-87CA2B2312FF}.Release|Any CPU.Build.0 = Release|Any CPU
	EndGlobalSection
EndGlobal
